
Microsoft Visual Studio Solution File, Format Version 12.00
# Visual Studio Version 17
VisualStudioVersion = 17.3.32929.385
MinimumVisualStudioVersion = 10.0.40219.1
Project("{FAE04EC0-301F-11D3-BF4B-00C04F79EFBC}") = "WinFormsApp1", "WinFormsApp1\WinFormsApp1.csproj", "{01EA66E9-6D5C-4644-AB25-72F1DE5C9D9A}"
EndProject
Global
	GlobalSection(SolutionConfigurationPlatforms) = preSolution
		Debug|Any CPU = Debug|Any CPU
		Release|Any CPU = Release|Any CPU
	EndGlobalSection
	GlobalSection(ProjectConfigurationPlatforms) = postSolution
		{01EA66E9-6D5C-4644-AB25-72F1DE5C9D9A}.Debug|Any CPU.ActiveCfg = Debug|Any CPU
		{01EA66E9-6D5C-4644-AB25-72F1DE5C9D9A}.Debug|Any CPU.Build.0 = Debug|Any CPU
		{01EA66E9-6D5C-4644-AB25-72F1DE5C9D9A}.Release|Any CPU.ActiveCfg = Release|Any CPU
		{01EA66E9-6D5C-4644-AB25-72F1DE5C9D9A}.Release|Any CPU.Build.0 = Release|Any CPU
	EndGlobalSection
	GlobalSection(SolutionProperties) = preSolution
		HideSolutionNode = FALSE
	EndGlobalSection
	GlobalSection(ExtensibilityGlobals) = postSolution
		SolutionGuid = {FDA212F2-7465-4CF3-AF84-34C085643B5D}
	EndGlobalSection
EndGlobal
